
Microsoft Visual Studio Solution File, Format Version 12.00
# Visual Studio 14
VisualStudioVersion = 14.0.25420.1
MinimumVisualStudioVersion = 10.0.40219.1
Project("{FAE04EC0-301F-11D3-BF4B-00C04F79EFBC}") = "Gale_Shapley", "Gale_Shapley\Gale_Shapley.csproj", "{DF7C90C4-99B2-4D2A-BCE4-2C63D9B82F72}"
EndProject
Global
	GlobalSection(SolutionConfigurationPlatforms) = preSolution
		Debug|Any CPU = Debug|Any CPU
		Release|Any CPU = Release|Any CPU
	EndGlobalSection
	GlobalSection(ProjectConfigurationPlatforms) = postSolution
		{DF7C90C4-99B2-4D2A-BCE4-2C63D9B82F72}.Debug|Any CPU.ActiveCfg = Debug|Any CPU
		{DF7C90C4-99B2-4D2A-BCE4-2C63D9B82F72}.Debug|Any CPU.Build.0 = Debug|Any CPU
		{DF7C90C4-99B2-4D2A-BCE4-2C63D9B82F72}.Release|Any CPU.ActiveCfg = Release|Any CPU
		{DF7C90C4-99B2-4D2A-BCE4-2C63D9B82F72}.Release|Any CPU.Build.0 = Release|Any CPU
	EndGlobalSection
	GlobalSection(SolutionProperties) = preSolution
		HideSolutionNode = FALSE
	EndGlobalSection
EndGlobal
